// !$*UTF8*$!
{
	archiveVersion = 1;
	classes = {
	};
	objectVersion = 56;
	objects = {

/* Begin PBXBuildFile section */
		0E3E49622A6FC4D00053476F /* AboutPageView.swift in Sources */ = {isa = PBXBuildFile; fileRef = 0E3E49612A6FC4D00053476F /* AboutPageView.swift */; };
		0E3E49642A6FF4AE0053476F /* IAPViewModel.swift in Sources */ = {isa = PBXBuildFile; fileRef = 0E3E49632A6FF4AE0053476F /* IAPViewModel.swift */; };
		0E3E49662A6FF4D80053476F /* StoreManager.swift in Sources */ = {isa = PBXBuildFile; fileRef = 0E3E49652A6FF4D80053476F /* StoreManager.swift */; };
		0E3E49682A6FF9B70053476F /* WebView.swift in Sources */ = {isa = PBXBuildFile; fileRef = 0E3E49672A6FF9B70053476F /* WebView.swift */; };
		0E3E496C2A6FFD450053476F /* agreement.html in Resources */ = {isa = PBXBuildFile; fileRef = 0E3E496A2A6FFD450053476F /* agreement.html */; };
		0E3E496D2A6FFD450053476F /* privacy.html in Resources */ = {isa = PBXBuildFile; fileRef = 0E3E496B2A6FFD450053476F /* privacy.html */; };
		0E7670512A62ADC8006A746C /* MoveButton.swift in Sources */ = {isa = PBXBuildFile; fileRef = 0E7670502A62ADC8006A746C /* MoveButton.swift */; };
		0E98D1A22A5E7A29002D8A46 /* StayInCoolApp.swift in Sources */ = {isa = PBXBuildFile; fileRef = 0E98D1A12A5E7A29002D8A46 /* StayInCoolApp.swift */; };
		0E98D1A42A5E7A29002D8A46 /* ContentView.swift in Sources */ = {isa = PBXBuildFile; fileRef = 0E98D1A32A5E7A29002D8A46 /* ContentView.swift */; };
		0E98D1A62A5E7A2B002D8A46 /* Assets.xcassets in Resources */ = {isa = PBXBuildFile; fileRef = 0E98D1A52A5E7A2B002D8A46 /* Assets.xcassets */; };
		0E98D1AA2A5E7A2B002D8A46 /* Preview Assets.xcassets in Resources */ = {isa = PBXBuildFile; fileRef = 0E98D1A92A5E7A2B002D8A46 /* Preview Assets.xcassets */; };
		0E98D1B42A5E7A2C002D8A46 /* StayInCoolTests.swift in Sources */ = {isa = PBXBuildFile; fileRef = 0E98D1B32A5E7A2C002D8A46 /* StayInCoolTests.swift */; };
		0E98D1BE2A5E7A2C002D8A46 /* StayInCoolUITests.swift in Sources */ = {isa = PBXBuildFile; fileRef = 0E98D1BD2A5E7A2C002D8A46 /* StayInCoolUITests.swift */; };
		0E98D1C02A5E7A2C002D8A46 /* StayInCoolUITestsLaunchTests.swift in Sources */ = {isa = PBXBuildFile; fileRef = 0E98D1BF2A5E7A2C002D8A46 /* StayInCoolUITestsLaunchTests.swift */; };
		0E98D1D82A60E452002D8A46 /* LocalSearchService.swift in Sources */ = {isa = PBXBuildFile; fileRef = 0E98D1D72A60E452002D8A46 /* LocalSearchService.swift */; };
		0E98D1DA2A60E4E4002D8A46 /* MKCoordinateRegion+Exts.swift in Sources */ = {isa = PBXBuildFile; fileRef = 0E98D1D92A60E4E4002D8A46 /* MKCoordinateRegion+Exts.swift */; };
		0E98D1DC2A60E5A1002D8A46 /* Landmark.swift in Sources */ = {isa = PBXBuildFile; fileRef = 0E98D1DB2A60E5A1002D8A46 /* Landmark.swift */; };
		0E98D1DF2A60E89B002D8A46 /* LocationManager.swift in Sources */ = {isa = PBXBuildFile; fileRef = 0E98D1DD2A60E89B002D8A46 /* LocationManager.swift */; };
		0E98D1E02A60E89B002D8A46 /* WeatherKitManager.swift in Sources */ = {isa = PBXBuildFile; fileRef = 0E98D1DE2A60E89B002D8A46 /* WeatherKitManager.swift */; };
		0E98D1E22A60E8A7002D8A46 /* LandmarkListView.swift in Sources */ = {isa = PBXBuildFile; fileRef = 0E98D1E12A60E8A7002D8A46 /* LandmarkListView.swift */; };
		0E9BECC82A729DAD00038519 /* Localizable.strings in Resources */ = {isa = PBXBuildFile; fileRef = 0E9BECCA2A729DAD00038519 /* Localizable.strings */; };
		0E9BECCC2A729DC300038519 /* Launch Screen.storyboard in Resources */ = {isa = PBXBuildFile; fileRef = 0E9BECCE2A729DC300038519 /* Launch Screen.storyboard */; };
/* End PBXBuildFile section */

/* Begin PBXContainerItemProxy section */
		0E98D1B02A5E7A2C002D8A46 /* PBXContainerItemProxy */ = {
			isa = PBXContainerItemProxy;
			containerPortal = 0E98D1962A5E7A29002D8A46 /* Project object */;
			proxyType = 1;
			remoteGlobalIDString = 0E98D19D2A5E7A29002D8A46;
			remoteInfo = StayInCool;
		};
		0E98D1BA2A5E7A2C002D8A46 /* PBXContainerItemProxy */ = {
			isa = PBXContainerItemProxy;
			containerPortal = 0E98D1962A5E7A29002D8A46 /* Project object */;
			proxyType = 1;
			remoteGlobalIDString = 0E98D19D2A5E7A29002D8A46;
			remoteInfo = StayInCool;
		};
/* End PBXContainerItemProxy section */

/* Begin PBXFileReference section */
		0E3E49612A6FC4D00053476F /* AboutPageView.swift */ = {isa = PBXFileReference; lastKnownFileType = sourcecode.swift; path = AboutPageView.swift; sourceTree = "<group>"; };
		0E3E49632A6FF4AE0053476F /* IAPViewModel.swift */ = {isa = PBXFileReference; lastKnownFileType = sourcecode.swift; path = IAPViewModel.swift; sourceTree = "<group>"; };
		0E3E49652A6FF4D80053476F /* StoreManager.swift */ = {isa = PBXFileReference; lastKnownFileType = sourcecode.swift; path = StoreManager.swift; sourceTree = "<group>"; };
		0E3E49672A6FF9B70053476F /* WebView.swift */ = {isa = PBXFileReference; lastKnownFileType = sourcecode.swift; path = WebView.swift; sourceTree = "<group>"; };
		0E3E496A2A6FFD450053476F /* agreement.html */ = {isa = PBXFileReference; fileEncoding = 4; lastKnownFileType = text.html; path = agreement.html; sourceTree = "<group>"; };
		0E3E496B2A6FFD450053476F /* privacy.html */ = {isa = PBXFileReference; fileEncoding = 4; lastKnownFileType = text.html; path = privacy.html; sourceTree = "<group>"; };
		0E7670502A62ADC8006A746C /* MoveButton.swift */ = {isa = PBXFileReference; lastKnownFileType = sourcecode.swift; path = MoveButton.swift; sourceTree = "<group>"; };
		0E98D19E2A5E7A29002D8A46 /* StayInCool.app */ = {isa = PBXFileReference; explicitFileType = wrapper.application; includeInIndex = 0; path = StayInCool.app; sourceTree = BUILT_PRODUCTS_DIR; };
		0E98D1A12A5E7A29002D8A46 /* StayInCoolApp.swift */ = {isa = PBXFileReference; lastKnownFileType = sourcecode.swift; path = StayInCoolApp.swift; sourceTree = "<group>"; };
		0E98D1A32A5E7A29002D8A46 /* ContentView.swift */ = {isa = PBXFileReference; lastKnownFileType = sourcecode.swift; path = ContentView.swift; sourceTree = "<group>"; };
		0E98D1A52A5E7A2B002D8A46 /* Assets.xcassets */ = {isa = PBXFileReference; lastKnownFileType = folder.assetcatalog; path = Assets.xcassets; sourceTree = "<group>"; };
		0E98D1A72A5E7A2B002D8A46 /* StayInCool.entitlements */ = {isa = PBXFileReference; lastKnownFileType = text.plist.entitlements; path = StayInCool.entitlements; sourceTree = "<group>"; };
		0E98D1A92A5E7A2B002D8A46 /* Preview Assets.xcassets */ = {isa = PBXFileReference; lastKnownFileType = folder.assetcatalog; path = "Preview Assets.xcassets"; sourceTree = "<group>"; };
		0E98D1AF2A5E7A2C002D8A46 /* StayInCoolTests.xctest */ = {isa = PBXFileReference; explicitFileType = wrapper.cfbundle; includeInIndex = 0; path = StayInCoolTests.xctest; sourceTree = BUILT_PRODUCTS_DIR; };
		0E98D1B32A5E7A2C002D8A46 /* StayInCoolTests.swift */ = {isa = PBXFileReference; lastKnownFileType = sourcecode.swift; path = StayInCoolTests.swift; sourceTree = "<group>"; };
		0E98D1B92A5E7A2C002D8A46 /* StayInCoolUITests.xctest */ = {isa = PBXFileReference; explicitFileType = wrapper.cfbundle; includeInIndex = 0; path = StayInCoolUITests.xctest; sourceTree = BUILT_PRODUCTS_DIR; };
		0E98D1BD2A5E7A2C002D8A46 /* StayInCoolUITests.swift */ = {isa = PBXFileReference; lastKnownFileType = sourcecode.swift; path = StayInCoolUITests.swift; sourceTree = "<group>"; };
		0E98D1BF2A5E7A2C002D8A46 /* StayInCoolUITestsLaunchTests.swift */ = {isa = PBXFileReference; lastKnownFileType = sourcecode.swift; path = StayInCoolUITestsLaunchTests.swift; sourceTree = "<group>"; };
		0E98D1D72A60E452002D8A46 /* LocalSearchService.swift */ = {isa = PBXFileReference; lastKnownFileType = sourcecode.swift; path = LocalSearchService.swift; sourceTree = "<group>"; };
		0E98D1D92A60E4E4002D8A46 /* MKCoordinateRegion+Exts.swift */ = {isa = PBXFileReference; lastKnownFileType = sourcecode.swift; path = "MKCoordinateRegion+Exts.swift"; sourceTree = "<group>"; };
		0E98D1DB2A60E5A1002D8A46 /* Landmark.swift */ = {isa = PBXFileReference; lastKnownFileType = sourcecode.swift; path = Landmark.swift; sourceTree = "<group>"; };
		0E98D1DD2A60E89B002D8A46 /* LocationManager.swift */ = {isa = PBXFileReference; fileEncoding = 4; lastKnownFileType = sourcecode.swift; path = LocationManager.swift; sourceTree = "<group>"; };
		0E98D1DE2A60E89B002D8A46 /* WeatherKitManager.swift */ = {isa = PBXFileReference; fileEncoding = 4; lastKnownFileType = sourcecode.swift; path = WeatherKitManager.swift; sourceTree = "<group>"; };
		0E98D1E12A60E8A7002D8A46 /* LandmarkListView.swift */ = {isa = PBXFileReference; fileEncoding = 4; lastKnownFileType = sourcecode.swift; path = LandmarkListView.swift; sourceTree = "<group>"; };
		0E9BECC92A729DAD00038519 /* en */ = {isa = PBXFileReference; lastKnownFileType = text.plist.strings; name = en; path = en.lproj/Localizable.strings; sourceTree = "<group>"; };
		0E9BECCB2A729DAF00038519 /* zh-Hans */ = {isa = PBXFileReference; lastKnownFileType = text.plist.strings; name = "zh-Hans"; path = "zh-Hans.lproj/Localizable.strings"; sourceTree = "<group>"; };
		0E9BECCD2A729DC300038519 /* Base */ = {isa = PBXFileReference; lastKnownFileType = file.storyboard; name = Base; path = "Base.lproj/Launch Screen.storyboard"; sourceTree = "<group>"; };
		0E9BECD02A729DD400038519 /* en */ = {isa = PBXFileReference; lastKnownFileType = text.plist.strings; name = en; path = "en.lproj/Launch Screen.strings"; sourceTree = "<group>"; };
		0E9BECD22A729DD400038519 /* zh-Hans */ = {isa = PBXFileReference; lastKnownFileType = text.plist.strings; name = "zh-Hans"; path = "zh-Hans.lproj/Launch Screen.strings"; sourceTree = "<group>"; };
/* End PBXFileReference section */

/* Begin PBXFrameworksBuildPhase section */
		0E98D19B2A5E7A29002D8A46 /* Frameworks */ = {
			isa = PBXFrameworksBuildPhase;
			buildActionMask = 2147483647;
			files = (
			);
			runOnlyForDeploymentPostprocessing = 0;
		};
		0E98D1AC2A5E7A2C002D8A46 /* Frameworks */ = {
			isa = PBXFrameworksBuildPhase;
			buildActionMask = 2147483647;
			files = (
			);
			runOnlyForDeploymentPostprocessing = 0;
		};
		0E98D1B62A5E7A2C002D8A46 /* Frameworks */ = {
			isa = PBXFrameworksBuildPhase;
			buildActionMask = 2147483647;
			files = (
			);
			runOnlyForDeploymentPostprocessing = 0;
		};
/* End PBXFrameworksBuildPhase section */

/* Begin PBXGroup section */
		0E3E49692A6FFD450053476F /* Sources */ = {
			isa = PBXGroup;
			children = (
				0E3E496A2A6FFD450053476F /* agreement.html */,
				0E3E496B2A6FFD450053476F /* privacy.html */,
				0E9BECCA2A729DAD00038519 /* Localizable.strings */,
			);
			path = Sources;
			sourceTree = "<group>";
		};
		0E98D1952A5E7A29002D8A46 = {
			isa = PBXGroup;
			children = (
				0E98D1A02A5E7A29002D8A46 /* StayInCool */,
				0E98D1B22A5E7A2C002D8A46 /* StayInCoolTests */,
				0E98D1BC2A5E7A2C002D8A46 /* StayInCoolUITests */,
				0E98D19F2A5E7A29002D8A46 /* Products */,
			);
			sourceTree = "<group>";
		};
		0E98D19F2A5E7A29002D8A46 /* Products */ = {
			isa = PBXGroup;
			children = (
				0E98D19E2A5E7A29002D8A46 /* StayInCool.app */,
				0E98D1AF2A5E7A2C002D8A46 /* StayInCoolTests.xctest */,
				0E98D1B92A5E7A2C002D8A46 /* StayInCoolUITests.xctest */,
			);
			name = Products;
			sourceTree = "<group>";
		};
		0E98D1A02A5E7A29002D8A46 /* StayInCool */ = {
			isa = PBXGroup;
			children = (
				0E3E49692A6FFD450053476F /* Sources */,
				0E98D1D42A60E42F002D8A46 /* Extensions */,
				0E98D1D52A60E42F002D8A46 /* Managers */,
				0E98D1D62A60E42F002D8A46 /* Models */,
				0E98D1D32A60E42F002D8A46 /* Services */,
				0E98D1D22A60E42F002D8A46 /* Views */,
				0E98D1A12A5E7A29002D8A46 /* StayInCoolApp.swift */,
				0E98D1A32A5E7A29002D8A46 /* ContentView.swift */,
				0E98D1A52A5E7A2B002D8A46 /* Assets.xcassets */,
				0E98D1A72A5E7A2B002D8A46 /* StayInCool.entitlements */,
				0E98D1A82A5E7A2B002D8A46 /* Preview Content */,
				0E9BECCE2A729DC300038519 /* Launch Screen.storyboard */,
			);
			path = StayInCool;
			sourceTree = "<group>";
		};
		0E98D1A82A5E7A2B002D8A46 /* Preview Content */ = {
			isa = PBXGroup;
			children = (
				0E98D1A92A5E7A2B002D8A46 /* Preview Assets.xcassets */,
			);
			path = "Preview Content";
			sourceTree = "<group>";
		};
		0E98D1B22A5E7A2C002D8A46 /* StayInCoolTests */ = {
			isa = PBXGroup;
			children = (
				0E98D1B32A5E7A2C002D8A46 /* StayInCoolTests.swift */,
			);
			path = StayInCoolTests;
			sourceTree = "<group>";
		};
		0E98D1BC2A5E7A2C002D8A46 /* StayInCoolUITests */ = {
			isa = PBXGroup;
			children = (
				0E98D1BD2A5E7A2C002D8A46 /* StayInCoolUITests.swift */,
				0E98D1BF2A5E7A2C002D8A46 /* StayInCoolUITestsLaunchTests.swift */,
			);
			path = StayInCoolUITests;
			sourceTree = "<group>";
		};
		0E98D1D22A60E42F002D8A46 /* Views */ = {
			isa = PBXGroup;
			children = (
				0E98D1E12A60E8A7002D8A46 /* LandmarkListView.swift */,
				0E7670502A62ADC8006A746C /* MoveButton.swift */,
				0E3E49612A6FC4D00053476F /* AboutPageView.swift */,
				0E3E49672A6FF9B70053476F /* WebView.swift */,
			);
			path = Views;
			sourceTree = "<group>";
		};
		0E98D1D32A60E42F002D8A46 /* Services */ = {
			isa = PBXGroup;
			children = (
				0E98D1D72A60E452002D8A46 /* LocalSearchService.swift */,
			);
			path = Services;
			sourceTree = "<group>";
		};
		0E98D1D42A60E42F002D8A46 /* Extensions */ = {
			isa = PBXGroup;
			children = (
				0E98D1D92A60E4E4002D8A46 /* MKCoordinateRegion+Exts.swift */,
			);
			path = Extensions;
			sourceTree = "<group>";
		};
		0E98D1D52A60E42F002D8A46 /* Managers */ = {
			isa = PBXGroup;
			children = (
				0E98D1DD2A60E89B002D8A46 /* LocationManager.swift */,
				0E98D1DE2A60E89B002D8A46 /* WeatherKitManager.swift */,
				0E3E49652A6FF4D80053476F /* StoreManager.swift */,
			);
			path = Managers;
			sourceTree = "<group>";
		};
		0E98D1D62A60E42F002D8A46 /* Models */ = {
			isa = PBXGroup;
			children = (
				0E98D1DB2A60E5A1002D8A46 /* Landmark.swift */,
				0E3E49632A6FF4AE0053476F /* IAPViewModel.swift */,
			);
			path = Models;
			sourceTree = "<group>";
		};
/* End PBXGroup section */

/* Begin PBXNativeTarget section */
		0E98D19D2A5E7A29002D8A46 /* StayInCool */ = {
			isa = PBXNativeTarget;
			buildConfigurationList = 0E98D1C32A5E7A2C002D8A46 /* Build configuration list for PBXNativeTarget "StayInCool" */;
			buildPhases = (
				0E98D19A2A5E7A29002D8A46 /* Sources */,
				0E98D19B2A5E7A29002D8A46 /* Frameworks */,
				0E98D19C2A5E7A29002D8A46 /* Resources */,
			);
			buildRules = (
			);
			dependencies = (
			);
			name = StayInCool;
			productName = StayInCool;
			productReference = 0E98D19E2A5E7A29002D8A46 /* StayInCool.app */;
			productType = "com.apple.product-type.application";
		};
		0E98D1AE2A5E7A2C002D8A46 /* StayInCoolTests */ = {
			isa = PBXNativeTarget;
			buildConfigurationList = 0E98D1C62A5E7A2C002D8A46 /* Build configuration list for PBXNativeTarget "StayInCoolTests" */;
			buildPhases = (
				0E98D1AB2A5E7A2C002D8A46 /* Sources */,
				0E98D1AC2A5E7A2C002D8A46 /* Frameworks */,
				0E98D1AD2A5E7A2C002D8A46 /* Resources */,
			);
			buildRules = (
			);
			dependencies = (
				0E98D1B12A5E7A2C002D8A46 /* PBXTargetDependency */,
			);
			name = StayInCoolTests;
			productName = StayInCoolTests;
			productReference = 0E98D1AF2A5E7A2C002D8A46 /* StayInCoolTests.xctest */;
			productType = "com.apple.product-type.bundle.unit-test";
		};
		0E98D1B82A5E7A2C002D8A46 /* StayInCoolUITests */ = {
			isa = PBXNativeTarget;
			buildConfigurationList = 0E98D1C92A5E7A2C002D8A46 /* Build configuration list for PBXNativeTarget "StayInCoolUITests" */;
			buildPhases = (
				0E98D1B52A5E7A2C002D8A46 /* Sources */,
				0E98D1B62A5E7A2C002D8A46 /* Frameworks */,
				0E98D1B72A5E7A2C002D8A46 /* Resources */,
			);
			buildRules = (
			);
			dependencies = (
				0E98D1BB2A5E7A2C002D8A46 /* PBXTargetDependency */,
			);
			name = StayInCoolUITests;
			productName = StayInCoolUITests;
			productReference = 0E98D1B92A5E7A2C002D8A46 /* StayInCoolUITests.xctest */;
			productType = "com.apple.product-type.bundle.ui-testing";
		};
/* End PBXNativeTarget section */

/* Begin PBXProject section */
		0E98D1962A5E7A29002D8A46 /* Project object */ = {
			isa = PBXProject;
			attributes = {
				BuildIndependentTargetsInParallel = 1;
				LastSwiftUpdateCheck = 1420;
				LastUpgradeCheck = 1420;
				TargetAttributes = {
					0E98D19D2A5E7A29002D8A46 = {
						CreatedOnToolsVersion = 14.2;
					};
					0E98D1AE2A5E7A2C002D8A46 = {
						CreatedOnToolsVersion = 14.2;
						TestTargetID = 0E98D19D2A5E7A29002D8A46;
					};
					0E98D1B82A5E7A2C002D8A46 = {
						CreatedOnToolsVersion = 14.2;
						TestTargetID = 0E98D19D2A5E7A29002D8A46;
					};
				};
			};
			buildConfigurationList = 0E98D1992A5E7A29002D8A46 /* Build configuration list for PBXProject "StayInCool" */;
			compatibilityVersion = "Xcode 14.0";
			developmentRegion = en;
			hasScannedForEncodings = 0;
			knownRegions = (
				en,
				Base,
				"zh-Hans",
			);
			mainGroup = 0E98D1952A5E7A29002D8A46;
			productRefGroup = 0E98D19F2A5E7A29002D8A46 /* Products */;
			projectDirPath = "";
			projectRoot = "";
			targets = (
				0E98D19D2A5E7A29002D8A46 /* StayInCool */,
				0E98D1AE2A5E7A2C002D8A46 /* StayInCoolTests */,
				0E98D1B82A5E7A2C002D8A46 /* StayInCoolUITests */,
			);
		};
/* End PBXProject section */

/* Begin PBXResourcesBuildPhase section */
		0E98D19C2A5E7A29002D8A46 /* Resources */ = {
			isa = PBXResourcesBuildPhase;
			buildActionMask = 2147483647;
			files = (
				0E3E496C2A6FFD450053476F /* agreement.html in Resources */,
				0E9BECC82A729DAD00038519 /* Localizable.strings in Resources */,
				0E3E496D2A6FFD450053476F /* privacy.html in Resources */,
				0E98D1AA2A5E7A2B002D8A46 /* Preview Assets.xcassets in Resources */,
				0E9BECCC2A729DC300038519 /* Launch Screen.storyboard in Resources */,
				0E98D1A62A5E7A2B002D8A46 /* Assets.xcassets in Resources */,
			);
			runOnlyForDeploymentPostprocessing = 0;
		};
		0E98D1AD2A5E7A2C002D8A46 /* Resources */ = {
			isa = PBXResourcesBuildPhase;
			buildActionMask = 2147483647;
			files = (
			);
			runOnlyForDeploymentPostprocessing = 0;
		};
		0E98D1B72A5E7A2C002D8A46 /* Resources */ = {
			isa = PBXResourcesBuildPhase;
			buildActionMask = 2147483647;
			files = (
			);
			runOnlyForDeploymentPostprocessing = 0;
		};
/* End PBXResourcesBuildPhase section */

/* Begin PBXSourcesBuildPhase section */
		0E98D19A2A5E7A29002D8A46 /* Sources */ = {
			isa = PBXSourcesBuildPhase;
			buildActionMask = 2147483647;
			files = (
				0E98D1E02A60E89B002D8A46 /* WeatherKitManager.swift in Sources */,
				0E98D1E22A60E8A7002D8A46 /* LandmarkListView.swift in Sources */,
				0E3E49682A6FF9B70053476F /* WebView.swift in Sources */,
				0E98D1D82A60E452002D8A46 /* LocalSearchService.swift in Sources */,
				0E98D1DC2A60E5A1002D8A46 /* Landmark.swift in Sources */,
				0E98D1DF2A60E89B002D8A46 /* LocationManager.swift in Sources */,
				0E7670512A62ADC8006A746C /* MoveButton.swift in Sources */,
				0E98D1DA2A60E4E4002D8A46 /* MKCoordinateRegion+Exts.swift in Sources */,
				0E3E49622A6FC4D00053476F /* AboutPageView.swift in Sources */,
				0E98D1A42A5E7A29002D8A46 /* ContentView.swift in Sources */,
				0E3E49662A6FF4D80053476F /* StoreManager.swift in Sources */,
				0E3E49642A6FF4AE0053476F /* IAPViewModel.swift in Sources */,
				0E98D1A22A5E7A29002D8A46 /* StayInCoolApp.swift in Sources */,
			);
			runOnlyForDeploymentPostprocessing = 0;
		};
		0E98D1AB2A5E7A2C002D8A46 /* Sources */ = {
			isa = PBXSourcesBuildPhase;
			buildActionMask = 2147483647;
			files = (
				0E98D1B42A5E7A2C002D8A46 /* StayInCoolTests.swift in Sources */,
			);
			runOnlyForDeploymentPostprocessing = 0;
		};
		0E98D1B52A5E7A2C002D8A46 /* Sources */ = {
			isa = PBXSourcesBuildPhase;
			buildActionMask = 2147483647;
			files = (
				0E98D1BE2A5E7A2C002D8A46 /* StayInCoolUITests.swift in Sources */,
				0E98D1C02A5E7A2C002D8A46 /* StayInCoolUITestsLaunchTests.swift in Sources */,
			);
			runOnlyForDeploymentPostprocessing = 0;
		};
/* End PBXSourcesBuildPhase section */

/* Begin PBXTargetDependency section */
		0E98D1B12A5E7A2C002D8A46 /* PBXTargetDependency */ = {
			isa = PBXTargetDependency;
			target = 0E98D19D2A5E7A29002D8A46 /* StayInCool */;
			targetProxy = 0E98D1B02A5E7A2C002D8A46 /* PBXContainerItemProxy */;
		};
		0E98D1BB2A5E7A2C002D8A46 /* PBXTargetDependency */ = {
			isa = PBXTargetDependency;
			target = 0E98D19D2A5E7A29002D8A46 /* StayInCool */;
			targetProxy = 0E98D1BA2A5E7A2C002D8A46 /* PBXContainerItemProxy */;
		};
/* End PBXTargetDependency section */

/* Begin PBXVariantGroup section */
		0E9BECCA2A729DAD00038519 /* Localizable.strings */ = {
			isa = PBXVariantGroup;
			children = (
				0E9BECC92A729DAD00038519 /* en */,
				0E9BECCB2A729DAF00038519 /* zh-Hans */,
			);
			name = Localizable.strings;
			sourceTree = "<group>";
		};
		0E9BECCE2A729DC300038519 /* Launch Screen.storyboard */ = {
			isa = PBXVariantGroup;
			children = (
				0E9BECCD2A729DC300038519 /* Base */,
				0E9BECD02A729DD400038519 /* en */,
				0E9BECD22A729DD400038519 /* zh-Hans */,
			);
			name = "Launch Screen.storyboard";
			sourceTree = "<group>";
		};
/* End PBXVariantGroup section */

/* Begin XCBuildConfiguration section */
		0E98D1C12A5E7A2C002D8A46 /* Debug */ = {
			isa = XCBuildConfiguration;
			buildSettings = {
				ALWAYS_SEARCH_USER_PATHS = NO;
				CLANG_ANALYZER_NONNULL = YES;
				CLANG_ANALYZER_NUMBER_OBJECT_CONVERSION = YES_AGGRESSIVE;
				CLANG_CXX_LANGUAGE_STANDARD = "gnu++20";
				CLANG_ENABLE_MODULES = YES;
				CLANG_ENABLE_OBJC_ARC = YES;
				CLANG_ENABLE_OBJC_WEAK = YES;
				CLANG_WARN_BLOCK_CAPTURE_AUTORELEASING = YES;
				CLANG_WARN_BOOL_CONVERSION = YES;
				CLANG_WARN_COMMA = YES;
				CLANG_WARN_CONSTANT_CONVERSION = YES;
				CLANG_WARN_DEPRECATED_OBJC_IMPLEMENTATIONS = YES;
				CLANG_WARN_DIRECT_OBJC_ISA_USAGE = YES_ERROR;
				CLANG_WARN_DOCUMENTATION_COMMENTS = YES;
				CLANG_WARN_EMPTY_BODY = YES;
				CLANG_WARN_ENUM_CONVERSION = YES;
				CLANG_WARN_INFINITE_RECURSION = YES;
				CLANG_WARN_INT_CONVERSION = YES;
				CLANG_WARN_NON_LITERAL_NULL_CONVERSION = YES;
				CLANG_WARN_OBJC_IMPLICIT_RETAIN_SELF = YES;
				CLANG_WARN_OBJC_LITERAL_CONVERSION = YES;
				CLANG_WARN_OBJC_ROOT_CLASS = YES_ERROR;
				CLANG_WARN_QUOTED_INCLUDE_IN_FRAMEWORK_HEADER = YES;
				CLANG_WARN_RANGE_LOOP_ANALYSIS = YES;
				CLANG_WARN_STRICT_PROTOTYPES = YES;
				CLANG_WARN_SUSPICIOUS_MOVE = YES;
				CLANG_WARN_UNGUARDED_AVAILABILITY = YES_AGGRESSIVE;
				CLANG_WARN_UNREACHABLE_CODE = YES;
				CLANG_WARN__DUPLICATE_METHOD_MATCH = YES;
				COPY_PHASE_STRIP = NO;
				DEBUG_INFORMATION_FORMAT = dwarf;
				ENABLE_STRICT_OBJC_MSGSEND = YES;
				ENABLE_TESTABILITY = YES;
				GCC_C_LANGUAGE_STANDARD = gnu11;
				GCC_DYNAMIC_NO_PIC = NO;
				GCC_NO_COMMON_BLOCKS = YES;
				GCC_OPTIMIZATION_LEVEL = 0;
				GCC_PREPROCESSOR_DEFINITIONS = (
					"DEBUG=1",
					"$(inherited)",
				);
				GCC_WARN_64_TO_32_BIT_CONVERSION = YES;
				GCC_WARN_ABOUT_RETURN_TYPE = YES_ERROR;
				GCC_WARN_UNDECLARED_SELECTOR = YES;
				GCC_WARN_UNINITIALIZED_AUTOS = YES_AGGRESSIVE;
				GCC_WARN_UNUSED_FUNCTION = YES;
				GCC_WARN_UNUSED_VARIABLE = YES;
				MTL_ENABLE_DEBUG_INFO = INCLUDE_SOURCE;
				MTL_FAST_MATH = YES;
				ONLY_ACTIVE_ARCH = YES;
				SWIFT_ACTIVE_COMPILATION_CONDITIONS = DEBUG;
				SWIFT_OPTIMIZATION_LEVEL = "-Onone";
			};
			name = Debug;
		};
		0E98D1C22A5E7A2C002D8A46 /* Release */ = {
			isa = XCBuildConfiguration;
			buildSettings = {
				ALWAYS_SEARCH_USER_PATHS = NO;
				CLANG_ANALYZER_NONNULL = YES;
				CLANG_ANALYZER_NUMBER_OBJECT_CONVERSION = YES_AGGRESSIVE;
				CLANG_CXX_LANGUAGE_STANDARD = "gnu++20";
				CLANG_ENABLE_MODULES = YES;
				CLANG_ENABLE_OBJC_ARC = YES;
				CLANG_ENABLE_OBJC_WEAK = YES;
				CLANG_WARN_BLOCK_CAPTURE_AUTORELEASING = YES;
				CLANG_WARN_BOOL_CONVERSION = YES;
				CLANG_WARN_COMMA = YES;
				CLANG_WARN_CONSTANT_CONVERSION = YES;
				CLANG_WARN_DEPRECATED_OBJC_IMPLEMENTATIONS = YES;
				CLANG_WARN_DIRECT_OBJC_ISA_USAGE = YES_ERROR;
				CLANG_WARN_DOCUMENTATION_COMMENTS = YES;
				CLANG_WARN_EMPTY_BODY = YES;
				CLANG_WARN_ENUM_CONVERSION = YES;
				CLANG_WARN_INFINITE_RECURSION = YES;
				CLANG_WARN_INT_CONVERSION = YES;
				CLANG_WARN_NON_LITERAL_NULL_CONVERSION = YES;
				CLANG_WARN_OBJC_IMPLICIT_RETAIN_SELF = YES;
				CLANG_WARN_OBJC_LITERAL_CONVERSION = YES;
				CLANG_WARN_OBJC_ROOT_CLASS = YES_ERROR;
				CLANG_WARN_QUOTED_INCLUDE_IN_FRAMEWORK_HEADER = YES;
				CLANG_WARN_RANGE_LOOP_ANALYSIS = YES;
				CLANG_WARN_STRICT_PROTOTYPES = YES;
				CLANG_WARN_SUSPICIOUS_MOVE = YES;
				CLANG_WARN_UNGUARDED_AVAILABILITY = YES_AGGRESSIVE;
				CLANG_WARN_UNREACHABLE_CODE = YES;
				CLANG_WARN__DUPLICATE_METHOD_MATCH = YES;
				COPY_PHASE_STRIP = NO;
				DEBUG_INFORMATION_FORMAT = "dwarf-with-dsym";
				ENABLE_NS_ASSERTIONS = NO;
				ENABLE_STRICT_OBJC_MSGSEND = YES;
				GCC_C_LANGUAGE_STANDARD = gnu11;
				GCC_NO_COMMON_BLOCKS = YES;
				GCC_WARN_64_TO_32_BIT_CONVERSION = YES;
				GCC_WARN_ABOUT_RETURN_TYPE = YES_ERROR;
				GCC_WARN_UNDECLARED_SELECTOR = YES;
				GCC_WARN_UNINITIALIZED_AUTOS = YES_AGGRESSIVE;
				GCC_WARN_UNUSED_FUNCTION = YES;
				GCC_WARN_UNUSED_VARIABLE = YES;
				MTL_ENABLE_DEBUG_INFO = NO;
				MTL_FAST_MATH = YES;
				SWIFT_COMPILATION_MODE = wholemodule;
				SWIFT_OPTIMIZATION_LEVEL = "-O";
			};
			name = Release;
		};
		0E98D1C42A5E7A2C002D8A46 /* Debug */ = {
			isa = XCBuildConfiguration;
			buildSettings = {
				ASSETCATALOG_COMPILER_APPICON_NAME = AppIcon;
				ASSETCATALOG_COMPILER_GLOBAL_ACCENT_COLOR_NAME = AccentColor;
				CODE_SIGN_ENTITLEMENTS = StayInCool/StayInCool.entitlements;
				CODE_SIGN_STYLE = Manual;
				CURRENT_PROJECT_VERSION = 1;
				DEVELOPMENT_ASSET_PATHS = "\"StayInCool/Preview Content\"";
				DEVELOPMENT_TEAM = "";
				"DEVELOPMENT_TEAM[sdk=iphoneos*]" = 3VD8A74NRR;
				"DEVELOPMENT_TEAM[sdk=macosx*]" = "";
				ENABLE_HARDENED_RUNTIME = YES;
				ENABLE_PREVIEWS = YES;
				GENERATE_INFOPLIST_FILE = YES;
				INFOPLIST_KEY_CFBundleDisplayName = "哪凉快哪呆着去";
				INFOPLIST_KEY_NSLocationAlwaysAndWhenInUseUsageDescription = "“哪凉快哪呆着去”需要获得定位权限才可以正常使用";
				INFOPLIST_KEY_NSLocationAlwaysUsageDescription = "“哪凉快哪呆着去”需要获得定位权限才可以正常使用";
				INFOPLIST_KEY_NSLocationWhenInUseUsageDescription = "“哪凉快哪呆着去”需要获得定位权限才可以正常使用";
				"INFOPLIST_KEY_UIApplicationSceneManifest_Generation[sdk=iphoneos*]" = YES;
				"INFOPLIST_KEY_UIApplicationSceneManifest_Generation[sdk=iphonesimulator*]" = YES;
				"INFOPLIST_KEY_UIApplicationSupportsIndirectInputEvents[sdk=iphoneos*]" = YES;
				"INFOPLIST_KEY_UIApplicationSupportsIndirectInputEvents[sdk=iphonesimulator*]" = YES;
				"INFOPLIST_KEY_UILaunchScreen_Generation[sdk=iphoneos*]" = YES;
				"INFOPLIST_KEY_UILaunchScreen_Generation[sdk=iphonesimulator*]" = YES;
				INFOPLIST_KEY_UILaunchStoryboardName = "Launch Screen.storyboard";
				"INFOPLIST_KEY_UIStatusBarStyle[sdk=iphoneos*]" = UIStatusBarStyleDefault;
				"INFOPLIST_KEY_UIStatusBarStyle[sdk=iphonesimulator*]" = UIStatusBarStyleDefault;
				INFOPLIST_KEY_UISupportedInterfaceOrientations_iPad = "UIInterfaceOrientationPortrait UIInterfaceOrientationPortraitUpsideDown UIInterfaceOrientationLandscapeLeft UIInterfaceOrientationLandscapeRight";
				INFOPLIST_KEY_UISupportedInterfaceOrientations_iPhone = "UIInterfaceOrientationPortrait UIInterfaceOrientationLandscapeLeft UIInterfaceOrientationLandscapeRight";
				IPHONEOS_DEPLOYMENT_TARGET = 16.0;
				LD_RUNPATH_SEARCH_PATHS = "@executable_path/Frameworks";
				"LD_RUNPATH_SEARCH_PATHS[sdk=macosx*]" = "@executable_path/../Frameworks";
				MACOSX_DEPLOYMENT_TARGET = 13.1;
				MARKETING_VERSION = 1.0;
				PRODUCT_BUNDLE_IDENTIFIER = com.sic.stayincool;
				PRODUCT_NAME = "$(TARGET_NAME)";
				PROVISIONING_PROFILE_SPECIFIER = "";
				"PROVISIONING_PROFILE_SPECIFIER[sdk=iphoneos*]" = stayincool_dev;
				SDKROOT = auto;
				SUPPORTED_PLATFORMS = "iphoneos iphonesimulator macosx";
				SWIFT_EMIT_LOC_STRINGS = YES;
				SWIFT_VERSION = 5.0;
				TARGETED_DEVICE_FAMILY = "1,2";
			};
			name = Debug;
		};
		0E98D1C52A5E7A2C002D8A46 /* Release */ = {
			isa = XCBuildConfiguration;
			buildSettings = {
				ASSETCATALOG_COMPILER_APPICON_NAME = AppIcon;
				ASSETCATALOG_COMPILER_GLOBAL_ACCENT_COLOR_NAME = AccentColor;
				CODE_SIGN_ENTITLEMENTS = StayInCool/StayInCool.entitlements;
				CODE_SIGN_STYLE = Manual;
				CURRENT_PROJECT_VERSION = 1;
				DEVELOPMENT_ASSET_PATHS = "\"StayInCool/Preview Content\"";
				DEVELOPMENT_TEAM = "";
				"DEVELOPMENT_TEAM[sdk=iphoneos*]" = 3VD8A74NRR;
				"DEVELOPMENT_TEAM[sdk=macosx*]" = "";
				ENABLE_HARDENED_RUNTIME = YES;
				ENABLE_PREVIEWS = YES;
				GENERATE_INFOPLIST_FILE = YES;
				INFOPLIST_KEY_CFBundleDisplayName = "哪凉快哪呆着去";
				INFOPLIST_KEY_NSLocationAlwaysAndWhenInUseUsageDescription = "“哪凉快哪呆着去”需要获得定位权限才可以正常使用";
				INFOPLIST_KEY_NSLocationAlwaysUsageDescription = "“哪凉快哪呆着去”需要获得定位权限才可以正常使用";
				INFOPLIST_KEY_NSLocationWhenInUseUsageDescription = "“哪凉快哪呆着去”需要获得定位权限才可以正常使用";
				"INFOPLIST_KEY_UIApplicationSceneManifest_Generation[sdk=iphoneos*]" = YES;
				"INFOPLIST_KEY_UIApplicationSceneManifest_Generation[sdk=iphonesimulator*]" = YES;
				"INFOPLIST_KEY_UIApplicationSupportsIndirectInputEvents[sdk=iphoneos*]" = YES;
				"INFOPLIST_KEY_UIApplicationSupportsIndirectInputEvents[sdk=iphonesimulator*]" = YES;
				"INFOPLIST_KEY_UILaunchScreen_Generation[sdk=iphoneos*]" = YES;
				"INFOPLIST_KEY_UILaunchScreen_Generation[sdk=iphonesimulator*]" = YES;
				INFOPLIST_KEY_UILaunchStoryboardName = "Launch Screen.storyboard";
				"INFOPLIST_KEY_UIStatusBarStyle[sdk=iphoneos*]" = UIStatusBarStyleDefault;
				"INFOPLIST_KEY_UIStatusBarStyle[sdk=iphonesimulator*]" = UIStatusBarStyleDefault;
				INFOPLIST_KEY_UISupportedInterfaceOrientations_iPad = "UIInterfaceOrientationPortrait UIInterfaceOrientationPortraitUpsideDown UIInterfaceOrientationLandscapeLeft UIInterfaceOrientationLandscapeRight";
				INFOPLIST_KEY_UISupportedInterfaceOrientations_iPhone = "UIInterfaceOrientationPortrait UIInterfaceOrientationLandscapeLeft UIInterfaceOrientationLandscapeRight";
				IPHONEOS_DEPLOYMENT_TARGET = 16.0;
				LD_RUNPATH_SEARCH_PATHS = "@executable_path/Frameworks";
				"LD_RUNPATH_SEARCH_PATHS[sdk=macosx*]" = "@executable_path/../Frameworks";
				MACOSX_DEPLOYMENT_TARGET = 13.1;
				MARKETING_VERSION = 1.0;
				PRODUCT_BUNDLE_IDENTIFIER = com.sic.stayincool;
				PRODUCT_NAME = "$(TARGET_NAME)";
				PROVISIONING_PROFILE_SPECIFIER = "";
				"PROVISIONING_PROFILE_SPECIFIER[sdk=iphoneos*]" = stayincool_dev;
				SDKROOT = auto;
				SUPPORTED_PLATFORMS = "iphoneos iphonesimulator macosx";
				SWIFT_EMIT_LOC_STRINGS = YES;
				SWIFT_VERSION = 5.0;
				TARGETED_DEVICE_FAMILY = "1,2";
			};
			name = Release;
		};
		0E98D1C72A5E7A2C002D8A46 /* Debug */ = {
			isa = XCBuildConfiguration;
			buildSettings = {
				ALWAYS_EMBED_SWIFT_STANDARD_LIBRARIES = YES;
				BUNDLE_LOADER = "$(TEST_HOST)";
				CODE_SIGN_STYLE = Automatic;
				CURRENT_PROJECT_VERSION = 1;
				DEVELOPMENT_TEAM = 3VD8A74NRR;
				GENERATE_INFOPLIST_FILE = YES;
				IPHONEOS_DEPLOYMENT_TARGET = 16.2;
				MACOSX_DEPLOYMENT_TARGET = 13.1;
				MARKETING_VERSION = 1.0;
				PRODUCT_BUNDLE_IDENTIFIER = com.stayincool.StayInCoolTests;
				PRODUCT_NAME = "$(TARGET_NAME)";
				SDKROOT = auto;
				SUPPORTED_PLATFORMS = "iphoneos iphonesimulator macosx";
				SWIFT_EMIT_LOC_STRINGS = NO;
				SWIFT_VERSION = 5.0;
				TARGETED_DEVICE_FAMILY = "1,2";
				TEST_HOST = "$(BUILT_PRODUCTS_DIR)/StayInCool.app/$(BUNDLE_EXECUTABLE_FOLDER_PATH)/StayInCool";
			};
			name = Debug;
		};
		0E98D1C82A5E7A2C002D8A46 /* Release */ = {
			isa = XCBuildConfiguration;
			buildSettings = {
				ALWAYS_EMBED_SWIFT_STANDARD_LIBRARIES = YES;
				BUNDLE_LOADER = "$(TEST_HOST)";
				CODE_SIGN_STYLE = Automatic;
				CURRENT_PROJECT_VERSION = 1;
				DEVELOPMENT_TEAM = 3VD8A74NRR;
				GENERATE_INFOPLIST_FILE = YES;
				IPHONEOS_DEPLOYMENT_TARGET = 16.2;
				MACOSX_DEPLOYMENT_TARGET = 13.1;
				MARKETING_VERSION = 1.0;
				PRODUCT_BUNDLE_IDENTIFIER = com.stayincool.StayInCoolTests;
				PRODUCT_NAME = "$(TARGET_NAME)";
				SDKROOT = auto;
				SUPPORTED_PLATFORMS = "iphoneos iphonesimulator macosx";
				SWIFT_EMIT_LOC_STRINGS = NO;
				SWIFT_VERSION = 5.0;
				TARGETED_DEVICE_FAMILY = "1,2";
				TEST_HOST = "$(BUILT_PRODUCTS_DIR)/StayInCool.app/$(BUNDLE_EXECUTABLE_FOLDER_PATH)/StayInCool";
			};
			name = Release;
		};
		0E98D1CA2A5E7A2C002D8A46 /* Debug */ = {
			isa = XCBuildConfiguration;
			buildSettings = {
				ALWAYS_EMBED_SWIFT_STANDARD_LIBRARIES = YES;
				CODE_SIGN_STYLE = Automatic;
				CURRENT_PROJECT_VERSION = 1;
				DEVELOPMENT_TEAM = 3VD8A74NRR;
				GENERATE_INFOPLIST_FILE = YES;
				IPHONEOS_DEPLOYMENT_TARGET = 16.2;
				MACOSX_DEPLOYMENT_TARGET = 13.1;
				MARKETING_VERSION = 1.0;
				PRODUCT_BUNDLE_IDENTIFIER = com.stayincool.StayInCoolUITests;
				PRODUCT_NAME = "$(TARGET_NAME)";
				SDKROOT = auto;
				SUPPORTED_PLATFORMS = "iphoneos iphonesimulator macosx";
				SWIFT_EMIT_LOC_STRINGS = NO;
				SWIFT_VERSION = 5.0;
				TARGETED_DEVICE_FAMILY = "1,2";
				TEST_TARGET_NAME = StayInCool;
			};
			name = Debug;
		};
		0E98D1CB2A5E7A2C002D8A46 /* Release */ = {
			isa = XCBuildConfiguration;
			buildSettings = {
				ALWAYS_EMBED_SWIFT_STANDARD_LIBRARIES = YES;
				CODE_SIGN_STYLE = Automatic;
				CURRENT_PROJECT_VERSION = 1;
				DEVELOPMENT_TEAM = 3VD8A74NRR;
				GENERATE_INFOPLIST_FILE = YES;
				IPHONEOS_DEPLOYMENT_TARGET = 16.2;
				MACOSX_DEPLOYMENT_TARGET = 13.1;
				MARKETING_VERSION = 1.0;
				PRODUCT_BUNDLE_IDENTIFIER = com.stayincool.StayInCoolUITests;
				PRODUCT_NAME = "$(TARGET_NAME)";
				SDKROOT = auto;
				SUPPORTED_PLATFORMS = "iphoneos iphonesimulator macosx";
				SWIFT_EMIT_LOC_STRINGS = NO;
				SWIFT_VERSION = 5.0;
				TARGETED_DEVICE_FAMILY = "1,2";
				TEST_TARGET_NAME = StayInCool;
			};
			name = Release;
		};
/* End XCBuildConfiguration section */

/* Begin XCConfigurationList section */
		0E98D1992A5E7A29002D8A46 /* Build configuration list for PBXProject "StayInCool" */ = {
			isa = XCConfigurationList;
			buildConfigurations = (
				0E98D1C12A5E7A2C002D8A46 /* Debug */,
				0E98D1C22A5E7A2C002D8A46 /* Release */,
			);
			defaultConfigurationIsVisible = 0;
			defaultConfigurationName = Release;
		};
		0E98D1C32A5E7A2C002D8A46 /* Build configuration list for PBXNativeTarget "StayInCool" */ = {
			isa = XCConfigurationList;
			buildConfigurations = (
				0E98D1C42A5E7A2C002D8A46 /* Debug */,
				0E98D1C52A5E7A2C002D8A46 /* Release */,
			);
			defaultConfigurationIsVisible = 0;
			defaultConfigurationName = Release;
		};
		0E98D1C62A5E7A2C002D8A46 /* Build configuration list for PBXNativeTarget "StayInCoolTests" */ = {
			isa = XCConfigurationList;
			buildConfigurations = (
				0E98D1C72A5E7A2C002D8A46 /* Debug */,
				0E98D1C82A5E7A2C002D8A46 /* Release */,
			);
			defaultConfigurationIsVisible = 0;
			defaultConfigurationName = Release;
		};
		0E98D1C92A5E7A2C002D8A46 /* Build configuration list for PBXNativeTarget "StayInCoolUITests" */ = {
			isa = XCConfigurationList;
			buildConfigurations = (
				0E98D1CA2A5E7A2C002D8A46 /* Debug */,
				0E98D1CB2A5E7A2C002D8A46 /* Release */,
			);
			defaultConfigurationIsVisible = 0;
			defaultConfigurationName = Release;
		};
/* End XCConfigurationList section */
	};
	rootObject = 0E98D1962A5E7A29002D8A46 /* Project object */;
}
